
Microsoft Visual Studio Solution File, Format Version 12.00
# Visual Studio Version 17
VisualStudioVersion = 17.4.33213.308
MinimumVisualStudioVersion = 10.0.40219.1
Project("{FAE04EC0-301F-11D3-BF4B-00C04F79EFBC}") = "Classes", "Classes\Classes.csproj", "{B303A6E8-760D-4038-9084-40D6014323E9}"
EndProject
Global
	GlobalSection(SolutionConfigurationPlatforms) = preSolution
		Debug|Any CPU = Debug|Any CPU
		Release|Any CPU = Release|Any CPU
	EndGlobalSection
	GlobalSection(ProjectConfigurationPlatforms) = postSolution
		{B303A6E8-760D-4038-9084-40D6014323E9}.Debug|Any CPU.ActiveCfg = Debug|Any CPU
		{B303A6E8-760D-4038-9084-40D6014323E9}.Debug|Any CPU.Build.0 = Debug|Any CPU
		{B303A6E8-760D-4038-9084-40D6014323E9}.Release|Any CPU.ActiveCfg = Release|Any CPU
		{B303A6E8-760D-4038-9084-40D6014323E9}.Release|Any CPU.Build.0 = Release|Any CPU
	EndGlobalSection
	GlobalSection(SolutionProperties) = preSolution
		HideSolutionNode = FALSE
	EndGlobalSection
	GlobalSection(ExtensibilityGlobals) = postSolution
		SolutionGuid = {2E7149F9-637C-42AD-97D2-55B13189669A}
	EndGlobalSection
EndGlobal
